
Microsoft Visual Studio Solution File, Format Version 12.00
# Visual Studio 15
VisualStudioVersion = 15.0.28010.2016
MinimumVisualStudioVersion = 10.0.40219.1
Project("{FAE04EC0-301F-11D3-BF4B-00C04F79EFBC}") = "UWPShoppingApp1", "UWPShoppingApp1\UWPShoppingApp1.csproj", "{2CBB2600-0CC8-4949-8518-217971B44CD8}"
EndProject
Global
	GlobalSection(SolutionConfigurationPlatforms) = preSolution
		Debug|Any CPU = Debug|Any CPU
		Debug|ARM = Debug|ARM
		Debug|x64 = Debug|x64
		Debug|x86 = Debug|x86
		Release|Any CPU = Release|Any CPU
		Release|ARM = Release|ARM
		Release|x64 = Release|x64
		Release|x86 = Release|x86
	EndGlobalSection
	GlobalSection(ProjectConfigurationPlatforms) = postSolution
		{2CBB2600-0CC8-4949-8518-217971B44CD8}.Debug|Any CPU.ActiveCfg = Debug|x86
		{2CBB2600-0CC8-4949-8518-217971B44CD8}.Debug|ARM.ActiveCfg = Debug|ARM
		{2CBB2600-0CC8-4949-8518-217971B44CD8}.Debug|ARM.Build.0 = Debug|ARM
		{2CBB2600-0CC8-4949-8518-217971B44CD8}.Debug|ARM.Deploy.0 = Debug|ARM
		{2CBB2600-0CC8-4949-8518-217971B44CD8}.Debug|x64.ActiveCfg = Debug|x64
		{2CBB2600-0CC8-4949-8518-217971B44CD8}.Debug|x64.Build.0 = Debug|x64
		{2CBB2600-0CC8-4949-8518-217971B44CD8}.Debug|x64.Deploy.0 = Debug|x64
		{2CBB2600-0CC8-4949-8518-217971B44CD8}.Debug|x86.ActiveCfg = Debug|x86
		{2CBB2600-0CC8-4949-8518-217971B44CD8}.Debug|x86.Build.0 = Debug|x86
		{2CBB2600-0CC8-4949-8518-217971B44CD8}.Debug|x86.Deploy.0 = Debug|x86
		{2CBB2600-0CC8-4949-8518-217971B44CD8}.Release|Any CPU.ActiveCfg = Release|x86
		{2CBB2600-0CC8-4949-8518-217971B44CD8}.Release|ARM.ActiveCfg = Release|ARM
		{2CBB2600-0CC8-4949-8518-217971B44CD8}.Release|ARM.Build.0 = Release|ARM
		{2CBB2600-0CC8-4949-8518-217971B44CD8}.Release|ARM.Deploy.0 = Release|ARM
		{2CBB2600-0CC8-4949-8518-217971B44CD8}.Release|x64.ActiveCfg = Release|x64
		{2CBB2600-0CC8-4949-8518-217971B44CD8}.Release|x64.Build.0 = Release|x64
		{2CBB2600-0CC8-4949-8518-217971B44CD8}.Release|x64.Deploy.0 = Release|x64
		{2CBB2600-0CC8-4949-8518-217971B44CD8}.Release|x86.ActiveCfg = Release|x86
		{2CBB2600-0CC8-4949-8518-217971B44CD8}.Release|x86.Build.0 = Release|x86
		{2CBB2600-0CC8-4949-8518-217971B44CD8}.Release|x86.Deploy.0 = Release|x86
	EndGlobalSection
	GlobalSection(SolutionProperties) = preSolution
		HideSolutionNode = FALSE
	EndGlobalSection
	GlobalSection(ExtensibilityGlobals) = postSolution
		SolutionGuid = {B0120155-EDA9-4D96-916A-D26E9542E069}
	EndGlobalSection
EndGlobal
