
Microsoft Visual Studio Solution File, Format Version 12.00
# Visual Studio 15
VisualStudioVersion = 15.0.28010.2019
MinimumVisualStudioVersion = 10.0.40219.1
Project("{FAE04EC0-301F-11D3-BF4B-00C04F79EFBC}") = "Hospital2", "Hospital2\Hospital2.csproj", "{4C625012-C693-427A-BCE7-A2A8721D098C}"
EndProject
Global
	GlobalSection(SolutionConfigurationPlatforms) = preSolution
		Debug|Any CPU = Debug|Any CPU
		Release|Any CPU = Release|Any CPU
	EndGlobalSection
	GlobalSection(ProjectConfigurationPlatforms) = postSolution
		{4C625012-C693-427A-BCE7-A2A8721D098C}.Debug|Any CPU.ActiveCfg = Debug|Any CPU
		{4C625012-C693-427A-BCE7-A2A8721D098C}.Debug|Any CPU.Build.0 = Debug|Any CPU
		{4C625012-C693-427A-BCE7-A2A8721D098C}.Release|Any CPU.ActiveCfg = Release|Any CPU
		{4C625012-C693-427A-BCE7-A2A8721D098C}.Release|Any CPU.Build.0 = Release|Any CPU
	EndGlobalSection
	GlobalSection(SolutionProperties) = preSolution
		HideSolutionNode = FALSE
	EndGlobalSection
	GlobalSection(ExtensibilityGlobals) = postSolution
		SolutionGuid = {807A9E76-E6D1-49DB-B587-A60DF7E326B8}
	EndGlobalSection
EndGlobal
