
Microsoft Visual Studio Solution File, Format Version 12.00
# Visual Studio 15
VisualStudioVersion = 15.0.28010.2016
MinimumVisualStudioVersion = 10.0.40219.1
Project("{FAE04EC0-301F-11D3-BF4B-00C04F79EFBC}") = "InheritInterface", "InheritInterface\InheritInterface.csproj", "{804ECA3F-4C85-48C4-874D-F081D5655051}"
EndProject
Global
	GlobalSection(SolutionConfigurationPlatforms) = preSolution
		Debug|Any CPU = Debug|Any CPU
		Release|Any CPU = Release|Any CPU
	EndGlobalSection
	GlobalSection(ProjectConfigurationPlatforms) = postSolution
		{804ECA3F-4C85-48C4-874D-F081D5655051}.Debug|Any CPU.ActiveCfg = Debug|Any CPU
		{804ECA3F-4C85-48C4-874D-F081D5655051}.Debug|Any CPU.Build.0 = Debug|Any CPU
		{804ECA3F-4C85-48C4-874D-F081D5655051}.Release|Any CPU.ActiveCfg = Release|Any CPU
		{804ECA3F-4C85-48C4-874D-F081D5655051}.Release|Any CPU.Build.0 = Release|Any CPU
	EndGlobalSection
	GlobalSection(SolutionProperties) = preSolution
		HideSolutionNode = FALSE
	EndGlobalSection
	GlobalSection(ExtensibilityGlobals) = postSolution
		SolutionGuid = {2E82ACC6-46C0-436A-AA6F-0B9907D6771E}
	EndGlobalSection
EndGlobal
