
Microsoft Visual Studio Solution File, Format Version 12.00
# Visual Studio 15
VisualStudioVersion = 15.0.28010.2019
MinimumVisualStudioVersion = 10.0.40219.1
Project("{FAE04EC0-301F-11D3-BF4B-00C04F79EFBC}") = "Hospital1", "Hospital1\Hospital1.csproj", "{CAEC06A6-D7DB-4FEE-A247-1E922857DE19}"
EndProject
Global
	GlobalSection(SolutionConfigurationPlatforms) = preSolution
		Debug|Any CPU = Debug|Any CPU
		Release|Any CPU = Release|Any CPU
	EndGlobalSection
	GlobalSection(ProjectConfigurationPlatforms) = postSolution
		{CAEC06A6-D7DB-4FEE-A247-1E922857DE19}.Debug|Any CPU.ActiveCfg = Debug|Any CPU
		{CAEC06A6-D7DB-4FEE-A247-1E922857DE19}.Debug|Any CPU.Build.0 = Debug|Any CPU
		{CAEC06A6-D7DB-4FEE-A247-1E922857DE19}.Release|Any CPU.ActiveCfg = Release|Any CPU
		{CAEC06A6-D7DB-4FEE-A247-1E922857DE19}.Release|Any CPU.Build.0 = Release|Any CPU
	EndGlobalSection
	GlobalSection(SolutionProperties) = preSolution
		HideSolutionNode = FALSE
	EndGlobalSection
	GlobalSection(ExtensibilityGlobals) = postSolution
		SolutionGuid = {331337E5-CE3F-42E8-9A95-E0DC6B8784E7}
	EndGlobalSection
EndGlobal
