
Microsoft Visual Studio Solution File, Format Version 12.00
# Visual Studio 15
VisualStudioVersion = 15.0.28010.2019
MinimumVisualStudioVersion = 10.0.40219.1
Project("{FAE04EC0-301F-11D3-BF4B-00C04F79EFBC}") = "HospitalDLL", "HospitalDLL\HospitalDLL.csproj", "{C5067F45-C594-4387-92A8-9585821E88B3}"
EndProject
Global
	GlobalSection(SolutionConfigurationPlatforms) = preSolution
		Debug|Any CPU = Debug|Any CPU
		Release|Any CPU = Release|Any CPU
	EndGlobalSection
	GlobalSection(ProjectConfigurationPlatforms) = postSolution
		{C5067F45-C594-4387-92A8-9585821E88B3}.Debug|Any CPU.ActiveCfg = Debug|Any CPU
		{C5067F45-C594-4387-92A8-9585821E88B3}.Debug|Any CPU.Build.0 = Debug|Any CPU
		{C5067F45-C594-4387-92A8-9585821E88B3}.Release|Any CPU.ActiveCfg = Release|Any CPU
		{C5067F45-C594-4387-92A8-9585821E88B3}.Release|Any CPU.Build.0 = Release|Any CPU
	EndGlobalSection
	GlobalSection(SolutionProperties) = preSolution
		HideSolutionNode = FALSE
	EndGlobalSection
	GlobalSection(ExtensibilityGlobals) = postSolution
		SolutionGuid = {B1CEB43A-702F-475D-A8B4-A7E996C610C0}
	EndGlobalSection
EndGlobal
